
Microsoft Visual Studio Solution File, Format Version 12.00
# Visual Studio 15
VisualStudioVersion = 15.0.26730.16
MinimumVisualStudioVersion = 10.0.40219.1
Project("{2150E333-8FDC-42A3-9474-1A3956D46DE8}") = "src", "src", "{E875EFB7-FE35-4EF2-AC37-C81E696F4DEA}"
EndProject
Project("{2150E333-8FDC-42A3-9474-1A3956D46DE8}") = "test", "test", "{CE6F8939-81A2-4BD4-9D9F-C1BF37DB1589}"
EndProject
Project("{9A19103F-16F7-4668-BE54-9A1E7A4F7556}") = "ExplorePackages.Logic", "src\ExplorePackages.Logic\ExplorePackages.Logic.csproj", "{55583FB5-7AB0-42CD-9C0A-6745E422875E}"
EndProject
Project("{9A19103F-16F7-4668-BE54-9A1E7A4F7556}") = "ExplorePackages.Website", "src\ExplorePackages.Website\ExplorePackages.Website.csproj", "{11370F28-6290-412D-BDA9-E7F83DFA58CD}"
EndProject
Project("{9A19103F-16F7-4668-BE54-9A1E7A4F7556}") = "ExplorePackages.Entities", "src\ExplorePackages.Entities\ExplorePackages.Entities.csproj", "{35B611A4-F1BE-4D7C-AA0D-EE07FB621B13}"
EndProject
Project("{9A19103F-16F7-4668-BE54-9A1E7A4F7556}") = "ExplorePackages.Logic.Test", "test\ExplorePackages.Logic.Test\ExplorePackages.Logic.Test.csproj", "{F8BBF131-7A37-4BC5-83D3-2D899808E124}"
EndProject
Project("{2150E333-8FDC-42A3-9474-1A3956D46DE8}") = "Solution Items", "Solution Items", "{93B8287B-A15F-4801-8884-D3DB923DB2A8}"
	ProjectSection(SolutionItems) = preProject
		.gitignore = .gitignore
		Directory.Build.props = Directory.Build.props
		LICENSE = LICENSE
		NuGet.config = NuGet.config
		README.md = README.md
	EndProjectSection
EndProject
Project("{9A19103F-16F7-4668-BE54-9A1E7A4F7556}") = "ExplorePackages.Tool", "src\ExplorePackages.Tool\ExplorePackages.Tool.csproj", "{D9DDCBAE-4ECE-4C49-B2C3-52E011317838}"
EndProject
Project("{FAE04EC0-301F-11D3-BF4B-00C04F79EFBC}") = "ExplorePackages.Tool.Test", "test\ExplorePackages.Tool.Test\ExplorePackages.Tool.Test.csproj", "{EA63BB32-0706-4BB4-A795-AE2A5A0636BF}"
EndProject
Global
	GlobalSection(SolutionConfigurationPlatforms) = preSolution
		Debug|Any CPU = Debug|Any CPU
		Release|Any CPU = Release|Any CPU
	EndGlobalSection
	GlobalSection(ProjectConfigurationPlatforms) = postSolution
		{55583FB5-7AB0-42CD-9C0A-6745E422875E}.Debug|Any CPU.ActiveCfg = Debug|Any CPU
		{55583FB5-7AB0-42CD-9C0A-6745E422875E}.Debug|Any CPU.Build.0 = Debug|Any CPU
		{55583FB5-7AB0-42CD-9C0A-6745E422875E}.Release|Any CPU.ActiveCfg = Release|Any CPU
		{55583FB5-7AB0-42CD-9C0A-6745E422875E}.Release|Any CPU.Build.0 = Release|Any CPU
		{11370F28-6290-412D-BDA9-E7F83DFA58CD}.Debug|Any CPU.ActiveCfg = Debug|Any CPU
		{11370F28-6290-412D-BDA9-E7F83DFA58CD}.Debug|Any CPU.Build.0 = Debug|Any CPU
		{11370F28-6290-412D-BDA9-E7F83DFA58CD}.Release|Any CPU.ActiveCfg = Release|Any CPU
		{11370F28-6290-412D-BDA9-E7F83DFA58CD}.Release|Any CPU.Build.0 = Release|Any CPU
		{35B611A4-F1BE-4D7C-AA0D-EE07FB621B13}.Debug|Any CPU.ActiveCfg = Debug|Any CPU
		{35B611A4-F1BE-4D7C-AA0D-EE07FB621B13}.Debug|Any CPU.Build.0 = Debug|Any CPU
		{35B611A4-F1BE-4D7C-AA0D-EE07FB621B13}.Release|Any CPU.ActiveCfg = Release|Any CPU
		{35B611A4-F1BE-4D7C-AA0D-EE07FB621B13}.Release|Any CPU.Build.0 = Release|Any CPU
		{F8BBF131-7A37-4BC5-83D3-2D899808E124}.Debug|Any CPU.ActiveCfg = Debug|Any CPU
		{F8BBF131-7A37-4BC5-83D3-2D899808E124}.Debug|Any CPU.Build.0 = Debug|Any CPU
		{F8BBF131-7A37-4BC5-83D3-2D899808E124}.Release|Any CPU.ActiveCfg = Release|Any CPU
		{F8BBF131-7A37-4BC5-83D3-2D899808E124}.Release|Any CPU.Build.0 = Release|Any CPU
		{D9DDCBAE-4ECE-4C49-B2C3-52E011317838}.Debug|Any CPU.ActiveCfg = Debug|Any CPU
		{D9DDCBAE-4ECE-4C49-B2C3-52E011317838}.Debug|Any CPU.Build.0 = Debug|Any CPU
		{D9DDCBAE-4ECE-4C49-B2C3-52E011317838}.Release|Any CPU.ActiveCfg = Release|Any CPU
		{D9DDCBAE-4ECE-4C49-B2C3-52E011317838}.Release|Any CPU.Build.0 = Release|Any CPU
		{EA63BB32-0706-4BB4-A795-AE2A5A0636BF}.Debug|Any CPU.ActiveCfg = Debug|Any CPU
		{EA63BB32-0706-4BB4-A795-AE2A5A0636BF}.Debug|Any CPU.Build.0 = Debug|Any CPU
		{EA63BB32-0706-4BB4-A795-AE2A5A0636BF}.Release|Any CPU.ActiveCfg = Release|Any CPU
		{EA63BB32-0706-4BB4-A795-AE2A5A0636BF}.Release|Any CPU.Build.0 = Release|Any CPU
	EndGlobalSection
	GlobalSection(SolutionProperties) = preSolution
		HideSolutionNode = FALSE
	EndGlobalSection
	GlobalSection(NestedProjects) = preSolution
		{55583FB5-7AB0-42CD-9C0A-6745E422875E} = {E875EFB7-FE35-4EF2-AC37-C81E696F4DEA}
		{11370F28-6290-412D-BDA9-E7F83DFA58CD} = {E875EFB7-FE35-4EF2-AC37-C81E696F4DEA}
		{35B611A4-F1BE-4D7C-AA0D-EE07FB621B13} = {E875EFB7-FE35-4EF2-AC37-C81E696F4DEA}
		{F8BBF131-7A37-4BC5-83D3-2D899808E124} = {CE6F8939-81A2-4BD4-9D9F-C1BF37DB1589}
		{D9DDCBAE-4ECE-4C49-B2C3-52E011317838} = {E875EFB7-FE35-4EF2-AC37-C81E696F4DEA}
		{EA63BB32-0706-4BB4-A795-AE2A5A0636BF} = {CE6F8939-81A2-4BD4-9D9F-C1BF37DB1589}
	EndGlobalSection
	GlobalSection(ExtensibilityGlobals) = postSolution
		SolutionGuid = {9D014703-53BC-4276-AAFF-F773AA86D208}
	EndGlobalSection
	GlobalSection(Performance) = preSolution
		HasPerformanceSessions = true
	EndGlobalSection
	GlobalSection(Performance) = preSolution
		HasPerformanceSessions = true
	EndGlobalSection
EndGlobal
