
Microsoft Visual Studio Solution File, Format Version 12.00
# Visual Studio Version 17
VisualStudioVersion = 17.1.31911.260
MinimumVisualStudioVersion = 10.0.40219.1
Project("{2150E333-8FDC-42A3-9474-1A3956D46DE8}") = "src", "src", "{E875EFB7-FE35-4EF2-AC37-C81E696F4DEA}"
EndProject
Project("{2150E333-8FDC-42A3-9474-1A3956D46DE8}") = "test", "test", "{CE6F8939-81A2-4BD4-9D9F-C1BF37DB1589}"
EndProject
Project("{9A19103F-16F7-4668-BE54-9A1E7A4F7556}") = "Website", "src\Website\Website.csproj", "{11370F28-6290-412D-BDA9-E7F83DFA58CD}"
EndProject
Project("{9A19103F-16F7-4668-BE54-9A1E7A4F7556}") = "Logic", "src\Logic\Logic.csproj", "{55583FB5-7AB0-42CD-9C0A-6745E422875E}"
EndProject
Project("{9A19103F-16F7-4668-BE54-9A1E7A4F7556}") = "Logic.Test", "test\Logic.Test\Logic.Test.csproj", "{F8BBF131-7A37-4BC5-83D3-2D899808E124}"
EndProject
Project("{2150E333-8FDC-42A3-9474-1A3956D46DE8}") = "Solution Items", "Solution Items", "{93B8287B-A15F-4801-8884-D3DB923DB2A8}"
	ProjectSection(SolutionItems) = preProject
		.editorconfig = .editorconfig
		.gitattributes = .gitattributes
		.gitignore = .gitignore
		Directory.Build.props = Directory.Build.props
		Directory.Packages.props = Directory.Packages.props
		global.json = global.json
		LICENSE = LICENSE
		NuGet.config = NuGet.config
		README.md = README.md
	EndProjectSection
EndProject
Project("{9A19103F-16F7-4668-BE54-9A1E7A4F7556}") = "Tool", "src\Tool\Tool.csproj", "{D9DDCBAE-4ECE-4C49-B2C3-52E011317838}"
EndProject
Project("{9A19103F-16F7-4668-BE54-9A1E7A4F7556}") = "Worker", "src\Worker\Worker.csproj", "{A2AB8E23-B984-4436-AFD3-D627282944A4}"
EndProject
Project("{9A19103F-16F7-4668-BE54-9A1E7A4F7556}") = "Worker.Logic", "src\Worker.Logic\Worker.Logic.csproj", "{FDEE6816-D83E-41CF-A8D3-03BA6620F5E4}"
EndProject
Project("{9A19103F-16F7-4668-BE54-9A1E7A4F7556}") = "Worker.Logic.Test", "test\Worker.Logic.Test\Worker.Logic.Test.csproj", "{56C63587-ECF4-4A2F-9D5D-F5777CB8CD48}"
EndProject
Project("{9A19103F-16F7-4668-BE54-9A1E7A4F7556}") = "Worker.Test", "test\Worker.Test\Worker.Test.csproj", "{7888E46B-15B3-4B78-92C6-14BC4E2C3705}"
EndProject
Project("{9A19103F-16F7-4668-BE54-9A1E7A4F7556}") = "SourceGenerator", "src\SourceGenerator\SourceGenerator.csproj", "{795B84C6-A9E2-48AE-8C15-59B54428754E}"
EndProject
Project("{2150E333-8FDC-42A3-9474-1A3956D46DE8}") = ".github", ".github", "{C6AE6C04-45A3-4668-BFD2-84B91F5DA172}"
EndProject
Project("{2150E333-8FDC-42A3-9474-1A3956D46DE8}") = "workflows", "workflows", "{5645020A-E78C-43B7-AE00-A68336AB66FF}"
	ProjectSection(SolutionItems) = preProject
		.github\workflows\build.yml = .github\workflows\build.yml
	EndProjectSection
EndProject
Project("{2150E333-8FDC-42A3-9474-1A3956D46DE8}") = "scripts", "scripts", "{91E9E59E-B9FE-4A00-BE48-1FB70595F7AE}"
EndProject
Project("{2150E333-8FDC-42A3-9474-1A3956D46DE8}") = "Kusto", "Kusto", "{AC017AE2-4766-447E-8ACF-BACF3BF7787C}"
	ProjectSection(SolutionItems) = preProject
		scripts\Kusto\compare.kql = scripts\Kusto\compare.kql
		scripts\Kusto\ImportTo-Kusto.ps1 = scripts\Kusto\ImportTo-Kusto.ps1
	EndProjectSection
EndProject
Project("{9A19103F-16F7-4668-BE54-9A1E7A4F7556}") = "Forks", "src\Forks\Forks.csproj", "{A420EE84-82DB-4040-8640-00F3ADE64587}"
EndProject
Global
	GlobalSection(SolutionConfigurationPlatforms) = preSolution
		Debug|Any CPU = Debug|Any CPU
		Release|Any CPU = Release|Any CPU
	EndGlobalSection
	GlobalSection(ProjectConfigurationPlatforms) = postSolution
		{11370F28-6290-412D-BDA9-E7F83DFA58CD}.Debug|Any CPU.ActiveCfg = Debug|Any CPU
		{11370F28-6290-412D-BDA9-E7F83DFA58CD}.Debug|Any CPU.Build.0 = Debug|Any CPU
		{11370F28-6290-412D-BDA9-E7F83DFA58CD}.Release|Any CPU.ActiveCfg = Release|Any CPU
		{11370F28-6290-412D-BDA9-E7F83DFA58CD}.Release|Any CPU.Build.0 = Release|Any CPU
		{55583FB5-7AB0-42CD-9C0A-6745E422875E}.Debug|Any CPU.ActiveCfg = Debug|Any CPU
		{55583FB5-7AB0-42CD-9C0A-6745E422875E}.Debug|Any CPU.Build.0 = Debug|Any CPU
		{55583FB5-7AB0-42CD-9C0A-6745E422875E}.Release|Any CPU.ActiveCfg = Release|Any CPU
		{55583FB5-7AB0-42CD-9C0A-6745E422875E}.Release|Any CPU.Build.0 = Release|Any CPU
		{F8BBF131-7A37-4BC5-83D3-2D899808E124}.Debug|Any CPU.ActiveCfg = Debug|Any CPU
		{F8BBF131-7A37-4BC5-83D3-2D899808E124}.Debug|Any CPU.Build.0 = Debug|Any CPU
		{F8BBF131-7A37-4BC5-83D3-2D899808E124}.Release|Any CPU.ActiveCfg = Release|Any CPU
		{F8BBF131-7A37-4BC5-83D3-2D899808E124}.Release|Any CPU.Build.0 = Release|Any CPU
		{D9DDCBAE-4ECE-4C49-B2C3-52E011317838}.Debug|Any CPU.ActiveCfg = Debug|Any CPU
		{D9DDCBAE-4ECE-4C49-B2C3-52E011317838}.Debug|Any CPU.Build.0 = Debug|Any CPU
		{D9DDCBAE-4ECE-4C49-B2C3-52E011317838}.Release|Any CPU.ActiveCfg = Release|Any CPU
		{D9DDCBAE-4ECE-4C49-B2C3-52E011317838}.Release|Any CPU.Build.0 = Release|Any CPU
		{A2AB8E23-B984-4436-AFD3-D627282944A4}.Debug|Any CPU.ActiveCfg = Debug|Any CPU
		{A2AB8E23-B984-4436-AFD3-D627282944A4}.Debug|Any CPU.Build.0 = Debug|Any CPU
		{A2AB8E23-B984-4436-AFD3-D627282944A4}.Release|Any CPU.ActiveCfg = Release|Any CPU
		{A2AB8E23-B984-4436-AFD3-D627282944A4}.Release|Any CPU.Build.0 = Release|Any CPU
		{FDEE6816-D83E-41CF-A8D3-03BA6620F5E4}.Debug|Any CPU.ActiveCfg = Debug|Any CPU
		{FDEE6816-D83E-41CF-A8D3-03BA6620F5E4}.Debug|Any CPU.Build.0 = Debug|Any CPU
		{FDEE6816-D83E-41CF-A8D3-03BA6620F5E4}.Release|Any CPU.ActiveCfg = Release|Any CPU
		{FDEE6816-D83E-41CF-A8D3-03BA6620F5E4}.Release|Any CPU.Build.0 = Release|Any CPU
		{56C63587-ECF4-4A2F-9D5D-F5777CB8CD48}.Debug|Any CPU.ActiveCfg = Debug|Any CPU
		{56C63587-ECF4-4A2F-9D5D-F5777CB8CD48}.Debug|Any CPU.Build.0 = Debug|Any CPU
		{56C63587-ECF4-4A2F-9D5D-F5777CB8CD48}.Release|Any CPU.ActiveCfg = Release|Any CPU
		{56C63587-ECF4-4A2F-9D5D-F5777CB8CD48}.Release|Any CPU.Build.0 = Release|Any CPU
		{7888E46B-15B3-4B78-92C6-14BC4E2C3705}.Debug|Any CPU.ActiveCfg = Debug|Any CPU
		{7888E46B-15B3-4B78-92C6-14BC4E2C3705}.Debug|Any CPU.Build.0 = Debug|Any CPU
		{7888E46B-15B3-4B78-92C6-14BC4E2C3705}.Release|Any CPU.ActiveCfg = Release|Any CPU
		{7888E46B-15B3-4B78-92C6-14BC4E2C3705}.Release|Any CPU.Build.0 = Release|Any CPU
		{795B84C6-A9E2-48AE-8C15-59B54428754E}.Debug|Any CPU.ActiveCfg = Debug|Any CPU
		{795B84C6-A9E2-48AE-8C15-59B54428754E}.Debug|Any CPU.Build.0 = Debug|Any CPU
		{795B84C6-A9E2-48AE-8C15-59B54428754E}.Release|Any CPU.ActiveCfg = Release|Any CPU
		{795B84C6-A9E2-48AE-8C15-59B54428754E}.Release|Any CPU.Build.0 = Release|Any CPU
		{A420EE84-82DB-4040-8640-00F3ADE64587}.Debug|Any CPU.ActiveCfg = Debug|Any CPU
		{A420EE84-82DB-4040-8640-00F3ADE64587}.Debug|Any CPU.Build.0 = Debug|Any CPU
		{A420EE84-82DB-4040-8640-00F3ADE64587}.Release|Any CPU.ActiveCfg = Release|Any CPU
		{A420EE84-82DB-4040-8640-00F3ADE64587}.Release|Any CPU.Build.0 = Release|Any CPU
	EndGlobalSection
	GlobalSection(SolutionProperties) = preSolution
		HideSolutionNode = FALSE
	EndGlobalSection
	GlobalSection(NestedProjects) = preSolution
		{11370F28-6290-412D-BDA9-E7F83DFA58CD} = {E875EFB7-FE35-4EF2-AC37-C81E696F4DEA}
		{55583FB5-7AB0-42CD-9C0A-6745E422875E} = {E875EFB7-FE35-4EF2-AC37-C81E696F4DEA}
		{F8BBF131-7A37-4BC5-83D3-2D899808E124} = {CE6F8939-81A2-4BD4-9D9F-C1BF37DB1589}
		{D9DDCBAE-4ECE-4C49-B2C3-52E011317838} = {E875EFB7-FE35-4EF2-AC37-C81E696F4DEA}
		{A2AB8E23-B984-4436-AFD3-D627282944A4} = {E875EFB7-FE35-4EF2-AC37-C81E696F4DEA}
		{FDEE6816-D83E-41CF-A8D3-03BA6620F5E4} = {E875EFB7-FE35-4EF2-AC37-C81E696F4DEA}
		{56C63587-ECF4-4A2F-9D5D-F5777CB8CD48} = {CE6F8939-81A2-4BD4-9D9F-C1BF37DB1589}
		{7888E46B-15B3-4B78-92C6-14BC4E2C3705} = {CE6F8939-81A2-4BD4-9D9F-C1BF37DB1589}
		{795B84C6-A9E2-48AE-8C15-59B54428754E} = {E875EFB7-FE35-4EF2-AC37-C81E696F4DEA}
		{C6AE6C04-45A3-4668-BFD2-84B91F5DA172} = {93B8287B-A15F-4801-8884-D3DB923DB2A8}
		{5645020A-E78C-43B7-AE00-A68336AB66FF} = {C6AE6C04-45A3-4668-BFD2-84B91F5DA172}
		{91E9E59E-B9FE-4A00-BE48-1FB70595F7AE} = {93B8287B-A15F-4801-8884-D3DB923DB2A8}
		{AC017AE2-4766-447E-8ACF-BACF3BF7787C} = {91E9E59E-B9FE-4A00-BE48-1FB70595F7AE}
		{A420EE84-82DB-4040-8640-00F3ADE64587} = {E875EFB7-FE35-4EF2-AC37-C81E696F4DEA}
	EndGlobalSection
	GlobalSection(ExtensibilityGlobals) = postSolution
		SolutionGuid = {9D014703-53BC-4276-AAFF-F773AA86D208}
	EndGlobalSection
	GlobalSection(Performance) = preSolution
		HasPerformanceSessions = true
	EndGlobalSection
	GlobalSection(Performance) = preSolution
		HasPerformanceSessions = true
	EndGlobalSection
EndGlobal
